
Microsoft Visual Studio Solution File, Format Version 12.00
# Visual Studio Version 16
VisualStudioVersion = 16.0.31321.278
MinimumVisualStudioVersion = 10.0.40219.1
Project("{9A19103F-16F7-4668-BE54-9A1E7A4F7556}") = "AbyssalLobby", "AbyssalLobby.csproj", "{5F9D9438-524A-4D5A-9AC0-03F7B4F02FF3}"
EndProject
Global
	GlobalSection(SolutionConfigurationPlatforms) = preSolution
		Debug|Any CPU = Debug|Any CPU
		Release|Any CPU = Release|Any CPU
	EndGlobalSection
	GlobalSection(ProjectConfigurationPlatforms) = postSolution
		{5F9D9438-524A-4D5A-9AC0-03F7B4F02FF3}.Debug|Any CPU.ActiveCfg = Debug|Any CPU
		{5F9D9438-524A-4D5A-9AC0-03F7B4F02FF3}.Debug|Any CPU.Build.0 = Debug|Any CPU
		{5F9D9438-524A-4D5A-9AC0-03F7B4F02FF3}.Release|Any CPU.ActiveCfg = Release|Any CPU
		{5F9D9438-524A-4D5A-9AC0-03F7B4F02FF3}.Release|Any CPU.Build.0 = Release|Any CPU
	EndGlobalSection
	GlobalSection(SolutionProperties) = preSolution
		HideSolutionNode = FALSE
	EndGlobalSection
	GlobalSection(ExtensibilityGlobals) = postSolution
		SolutionGuid = {ACB05FE3-FC76-4B92-930D-06E66047396D}
	EndGlobalSection
EndGlobal
